
Microsoft Visual Studio Solution File, Format Version 12.00
# Visual Studio Version 17
VisualStudioVersion = 17.5.33424.131
MinimumVisualStudioVersion = 10.0.40219.1
Project("{2150E333-8FDC-42A3-9474-1A3956D46DE8}") = "ApiConsume", "ApiConsume", "{0B05920F-99C3-4C18-A9E7-5341ED68B183}"
EndProject
Project("{2150E333-8FDC-42A3-9474-1A3956D46DE8}") = "Frontend", "Frontend", "{51DCAFFF-688F-43C0-8F5D-5BEE566797EC}"
EndProject
Project("{2150E333-8FDC-42A3-9474-1A3956D46DE8}") = "ToDoList", "ToDoList", "{7BB19205-FD30-458C-811B-C79C8279775C}"
	ProjectSection(SolutionItems) = preProject
		Adımlar.txt = Adımlar.txt
	EndProjectSection
EndProject
Project("{FAE04EC0-301F-11D3-BF4B-00C04F79EFBC}") = "HotelProject.WebApi", "ApiConsume\HotelProject.WebApi\HotelProject.WebApi.csproj", "{517614BA-C2FE-4F66-9461-41BA8E93FE0B}"
EndProject
Project("{FAE04EC0-301F-11D3-BF4B-00C04F79EFBC}") = "HotelProject.EntityLayer", "ApiConsume\HotelProject.EntityLayer\HotelProject.EntityLayer.csproj", "{657D71E2-8AF6-4897-8EC5-F2832E40F71E}"
EndProject
Project("{FAE04EC0-301F-11D3-BF4B-00C04F79EFBC}") = "HotelProject.DataAccessLayer", "ApiConsume\HotelProject.DataAccessLayer\HotelProject.DataAccessLayer.csproj", "{37135CAD-B093-452B-902E-D7C26E71D9A2}"
EndProject
Project("{FAE04EC0-301F-11D3-BF4B-00C04F79EFBC}") = "HotelProject.BusinessLayer", "ApiConsume\HotelProject.BusinessLayer\HotelProject.BusinessLayer.csproj", "{AE2F2152-2A23-4811-8911-F25D454BDD9E}"
EndProject
Project("{FAE04EC0-301F-11D3-BF4B-00C04F79EFBC}") = "HotelProject.DtoLayer", "ApiConsume\HotelProject.DtoLayer\HotelProject.DtoLayer.csproj", "{974D0D71-E7DC-48C8-9990-BC9E3875E67E}"
EndProject
Project("{FAE04EC0-301F-11D3-BF4B-00C04F79EFBC}") = "HotelProject.WebUI", "Frontend\HotelProject.WebUI\HotelProject.WebUI.csproj", "{55E75500-33A3-4838-B0D6-11BF64E22882}"
EndProject
Global
	GlobalSection(SolutionConfigurationPlatforms) = preSolution
		Debug|Any CPU = Debug|Any CPU
		Release|Any CPU = Release|Any CPU
	EndGlobalSection
	GlobalSection(ProjectConfigurationPlatforms) = postSolution
		{517614BA-C2FE-4F66-9461-41BA8E93FE0B}.Debug|Any CPU.ActiveCfg = Debug|Any CPU
		{517614BA-C2FE-4F66-9461-41BA8E93FE0B}.Debug|Any CPU.Build.0 = Debug|Any CPU
		{517614BA-C2FE-4F66-9461-41BA8E93FE0B}.Release|Any CPU.ActiveCfg = Release|Any CPU
		{517614BA-C2FE-4F66-9461-41BA8E93FE0B}.Release|Any CPU.Build.0 = Release|Any CPU
		{657D71E2-8AF6-4897-8EC5-F2832E40F71E}.Debug|Any CPU.ActiveCfg = Debug|Any CPU
		{657D71E2-8AF6-4897-8EC5-F2832E40F71E}.Debug|Any CPU.Build.0 = Debug|Any CPU
		{657D71E2-8AF6-4897-8EC5-F2832E40F71E}.Release|Any CPU.ActiveCfg = Release|Any CPU
		{657D71E2-8AF6-4897-8EC5-F2832E40F71E}.Release|Any CPU.Build.0 = Release|Any CPU
		{37135CAD-B093-452B-902E-D7C26E71D9A2}.Debug|Any CPU.ActiveCfg = Debug|Any CPU
		{37135CAD-B093-452B-902E-D7C26E71D9A2}.Debug|Any CPU.Build.0 = Debug|Any CPU
		{37135CAD-B093-452B-902E-D7C26E71D9A2}.Release|Any CPU.ActiveCfg = Release|Any CPU
		{37135CAD-B093-452B-902E-D7C26E71D9A2}.Release|Any CPU.Build.0 = Release|Any CPU
		{AE2F2152-2A23-4811-8911-F25D454BDD9E}.Debug|Any CPU.ActiveCfg = Debug|Any CPU
		{AE2F2152-2A23-4811-8911-F25D454BDD9E}.Debug|Any CPU.Build.0 = Debug|Any CPU
		{AE2F2152-2A23-4811-8911-F25D454BDD9E}.Release|Any CPU.ActiveCfg = Release|Any CPU
		{AE2F2152-2A23-4811-8911-F25D454BDD9E}.Release|Any CPU.Build.0 = Release|Any CPU
		{974D0D71-E7DC-48C8-9990-BC9E3875E67E}.Debug|Any CPU.ActiveCfg = Debug|Any CPU
		{974D0D71-E7DC-48C8-9990-BC9E3875E67E}.Debug|Any CPU.Build.0 = Debug|Any CPU
		{974D0D71-E7DC-48C8-9990-BC9E3875E67E}.Release|Any CPU.ActiveCfg = Release|Any CPU
		{974D0D71-E7DC-48C8-9990-BC9E3875E67E}.Release|Any CPU.Build.0 = Release|Any CPU
		{55E75500-33A3-4838-B0D6-11BF64E22882}.Debug|Any CPU.ActiveCfg = Debug|Any CPU
		{55E75500-33A3-4838-B0D6-11BF64E22882}.Debug|Any CPU.Build.0 = Debug|Any CPU
		{55E75500-33A3-4838-B0D6-11BF64E22882}.Release|Any CPU.ActiveCfg = Release|Any CPU
		{55E75500-33A3-4838-B0D6-11BF64E22882}.Release|Any CPU.Build.0 = Release|Any CPU
	EndGlobalSection
	GlobalSection(SolutionProperties) = preSolution
		HideSolutionNode = FALSE
	EndGlobalSection
	GlobalSection(NestedProjects) = preSolution
		{517614BA-C2FE-4F66-9461-41BA8E93FE0B} = {0B05920F-99C3-4C18-A9E7-5341ED68B183}
		{657D71E2-8AF6-4897-8EC5-F2832E40F71E} = {0B05920F-99C3-4C18-A9E7-5341ED68B183}
		{37135CAD-B093-452B-902E-D7C26E71D9A2} = {0B05920F-99C3-4C18-A9E7-5341ED68B183}
		{AE2F2152-2A23-4811-8911-F25D454BDD9E} = {0B05920F-99C3-4C18-A9E7-5341ED68B183}
		{974D0D71-E7DC-48C8-9990-BC9E3875E67E} = {0B05920F-99C3-4C18-A9E7-5341ED68B183}
		{55E75500-33A3-4838-B0D6-11BF64E22882} = {51DCAFFF-688F-43C0-8F5D-5BEE566797EC}
	EndGlobalSection
	GlobalSection(ExtensibilityGlobals) = postSolution
		SolutionGuid = {877F520F-92F5-421B-9481-B4D0E64E8B37}
	EndGlobalSection
EndGlobal
