
Microsoft Visual Studio Solution File, Format Version 12.00
# Visual Studio Version 17
VisualStudioVersion = 17.5.33424.131
MinimumVisualStudioVersion = 10.0.40219.1
Project("{2150E333-8FDC-42A3-9474-1A3956D46DE8}") = "ApiConsume", "ApiConsume", "{0B05920F-99C3-4C18-A9E7-5341ED68B183}"
EndProject
Project("{2150E333-8FDC-42A3-9474-1A3956D46DE8}") = "Frontend", "Frontend", "{51DCAFFF-688F-43C0-8F5D-5BEE566797EC}"
EndProject
Project("{9A19103F-16F7-4668-BE54-9A1E7A4F7556}") = "HotelProject.WebApi", "ApiConsume\HotelProject.WebApi\HotelProject.WebApi.csproj", "{517614BA-C2FE-4F66-9461-41BA8E93FE0B}"
EndProject
Project("{9A19103F-16F7-4668-BE54-9A1E7A4F7556}") = "HotelProject.EntityLayer", "ApiConsume\HotelProject.EntityLayer\HotelProject.EntityLayer.csproj", "{657D71E2-8AF6-4897-8EC5-F2832E40F71E}"
EndProject
Project("{9A19103F-16F7-4668-BE54-9A1E7A4F7556}") = "HotelProject.DataAccessLayer", "ApiConsume\HotelProject.DataAccessLayer\HotelProject.DataAccessLayer.csproj", "{37135CAD-B093-452B-902E-D7C26E71D9A2}"
EndProject
Project("{9A19103F-16F7-4668-BE54-9A1E7A4F7556}") = "HotelProject.BusinessLayer", "ApiConsume\HotelProject.BusinessLayer\HotelProject.BusinessLayer.csproj", "{AE2F2152-2A23-4811-8911-F25D454BDD9E}"
EndProject
Project("{9A19103F-16F7-4668-BE54-9A1E7A4F7556}") = "HotelProject.DtoLayer", "ApiConsume\HotelProject.DtoLayer\HotelProject.DtoLayer.csproj", "{974D0D71-E7DC-48C8-9990-BC9E3875E67E}"
EndProject
Project("{9A19103F-16F7-4668-BE54-9A1E7A4F7556}") = "HotelProject.WebUI", "Frontend\HotelProject.WebUI\HotelProject.WebUI.csproj", "{55E75500-33A3-4838-B0D6-11BF64E22882}"
EndProject
Project("{2150E333-8FDC-42A3-9474-1A3956D46DE8}") = "RapidApi", "RapidApi", "{8FA1D7A9-C48C-4BE3-BA09-8AC2F06BD06E}"
EndProject
Project("{9A19103F-16F7-4668-BE54-9A1E7A4F7556}") = "RapidApiConsume", "RapidApi\RapidApiConsume\RapidApiConsume.csproj", "{9E9D8F5A-A87F-4A3D-BD19-0928FD0DD7E7}"
EndProject
Project("{2150E333-8FDC-42A3-9474-1A3956D46DE8}") = "JwtProject", "JwtProject", "{47F7C7E3-A005-4613-ACCF-718DD2EE247F}"
EndProject
Project("{FAE04EC0-301F-11D3-BF4B-00C04F79EFBC}") = "WebApiJwt", "JwtProject\WebApiJwt\WebApiJwt.csproj", "{D96A034B-6A26-4AF2-B472-CF9847FAD1A7}"
EndProject
Global
	GlobalSection(SolutionConfigurationPlatforms) = preSolution
		Debug|Any CPU = Debug|Any CPU
		Release|Any CPU = Release|Any CPU
	EndGlobalSection
	GlobalSection(ProjectConfigurationPlatforms) = postSolution
		{517614BA-C2FE-4F66-9461-41BA8E93FE0B}.Debug|Any CPU.ActiveCfg = Debug|Any CPU
		{517614BA-C2FE-4F66-9461-41BA8E93FE0B}.Debug|Any CPU.Build.0 = Debug|Any CPU
		{517614BA-C2FE-4F66-9461-41BA8E93FE0B}.Release|Any CPU.ActiveCfg = Release|Any CPU
		{517614BA-C2FE-4F66-9461-41BA8E93FE0B}.Release|Any CPU.Build.0 = Release|Any CPU
		{657D71E2-8AF6-4897-8EC5-F2832E40F71E}.Debug|Any CPU.ActiveCfg = Debug|Any CPU
		{657D71E2-8AF6-4897-8EC5-F2832E40F71E}.Debug|Any CPU.Build.0 = Debug|Any CPU
		{657D71E2-8AF6-4897-8EC5-F2832E40F71E}.Release|Any CPU.ActiveCfg = Release|Any CPU
		{657D71E2-8AF6-4897-8EC5-F2832E40F71E}.Release|Any CPU.Build.0 = Release|Any CPU
		{37135CAD-B093-452B-902E-D7C26E71D9A2}.Debug|Any CPU.ActiveCfg = Debug|Any CPU
		{37135CAD-B093-452B-902E-D7C26E71D9A2}.Debug|Any CPU.Build.0 = Debug|Any CPU
		{37135CAD-B093-452B-902E-D7C26E71D9A2}.Release|Any CPU.ActiveCfg = Release|Any CPU
		{37135CAD-B093-452B-902E-D7C26E71D9A2}.Release|Any CPU.Build.0 = Release|Any CPU
		{AE2F2152-2A23-4811-8911-F25D454BDD9E}.Debug|Any CPU.ActiveCfg = Debug|Any CPU
		{AE2F2152-2A23-4811-8911-F25D454BDD9E}.Debug|Any CPU.Build.0 = Debug|Any CPU
		{AE2F2152-2A23-4811-8911-F25D454BDD9E}.Release|Any CPU.ActiveCfg = Release|Any CPU
		{AE2F2152-2A23-4811-8911-F25D454BDD9E}.Release|Any CPU.Build.0 = Release|Any CPU
		{974D0D71-E7DC-48C8-9990-BC9E3875E67E}.Debug|Any CPU.ActiveCfg = Debug|Any CPU
		{974D0D71-E7DC-48C8-9990-BC9E3875E67E}.Debug|Any CPU.Build.0 = Debug|Any CPU
		{974D0D71-E7DC-48C8-9990-BC9E3875E67E}.Release|Any CPU.ActiveCfg = Release|Any CPU
		{974D0D71-E7DC-48C8-9990-BC9E3875E67E}.Release|Any CPU.Build.0 = Release|Any CPU
		{55E75500-33A3-4838-B0D6-11BF64E22882}.Debug|Any CPU.ActiveCfg = Debug|Any CPU
		{55E75500-33A3-4838-B0D6-11BF64E22882}.Debug|Any CPU.Build.0 = Debug|Any CPU
		{55E75500-33A3-4838-B0D6-11BF64E22882}.Release|Any CPU.ActiveCfg = Release|Any CPU
		{55E75500-33A3-4838-B0D6-11BF64E22882}.Release|Any CPU.Build.0 = Release|Any CPU
		{9E9D8F5A-A87F-4A3D-BD19-0928FD0DD7E7}.Debug|Any CPU.ActiveCfg = Debug|Any CPU
		{9E9D8F5A-A87F-4A3D-BD19-0928FD0DD7E7}.Debug|Any CPU.Build.0 = Debug|Any CPU
		{9E9D8F5A-A87F-4A3D-BD19-0928FD0DD7E7}.Release|Any CPU.ActiveCfg = Release|Any CPU
		{9E9D8F5A-A87F-4A3D-BD19-0928FD0DD7E7}.Release|Any CPU.Build.0 = Release|Any CPU
		{D96A034B-6A26-4AF2-B472-CF9847FAD1A7}.Debug|Any CPU.ActiveCfg = Debug|Any CPU
		{D96A034B-6A26-4AF2-B472-CF9847FAD1A7}.Debug|Any CPU.Build.0 = Debug|Any CPU
		{D96A034B-6A26-4AF2-B472-CF9847FAD1A7}.Release|Any CPU.ActiveCfg = Release|Any CPU
		{D96A034B-6A26-4AF2-B472-CF9847FAD1A7}.Release|Any CPU.Build.0 = Release|Any CPU
	EndGlobalSection
	GlobalSection(SolutionProperties) = preSolution
		HideSolutionNode = FALSE
	EndGlobalSection
	GlobalSection(NestedProjects) = preSolution
		{517614BA-C2FE-4F66-9461-41BA8E93FE0B} = {0B05920F-99C3-4C18-A9E7-5341ED68B183}
		{657D71E2-8AF6-4897-8EC5-F2832E40F71E} = {0B05920F-99C3-4C18-A9E7-5341ED68B183}
		{37135CAD-B093-452B-902E-D7C26E71D9A2} = {0B05920F-99C3-4C18-A9E7-5341ED68B183}
		{AE2F2152-2A23-4811-8911-F25D454BDD9E} = {0B05920F-99C3-4C18-A9E7-5341ED68B183}
		{974D0D71-E7DC-48C8-9990-BC9E3875E67E} = {0B05920F-99C3-4C18-A9E7-5341ED68B183}
		{55E75500-33A3-4838-B0D6-11BF64E22882} = {51DCAFFF-688F-43C0-8F5D-5BEE566797EC}
		{9E9D8F5A-A87F-4A3D-BD19-0928FD0DD7E7} = {8FA1D7A9-C48C-4BE3-BA09-8AC2F06BD06E}
		{D96A034B-6A26-4AF2-B472-CF9847FAD1A7} = {47F7C7E3-A005-4613-ACCF-718DD2EE247F}
	EndGlobalSection
	GlobalSection(ExtensibilityGlobals) = postSolution
		SolutionGuid = {877F520F-92F5-421B-9481-B4D0E64E8B37}
	EndGlobalSection
EndGlobal
